
Microsoft Visual Studio Solution File, Format Version 12.00
# Visual Studio Version 16
VisualStudioVersion = 16.0.29215.179
MinimumVisualStudioVersion = 10.0.40219.1
Project("{FAE04EC0-301F-11D3-BF4B-00C04F79EFBC}") = "CreakTimer", "CreakTimer.csproj", "{78B4C6BD-74B1-4CEB-AF00-D2C32A852F3A}"
EndProject
Global
	GlobalSection(SolutionConfigurationPlatforms) = preSolution
		Debug|Any CPU = Debug|Any CPU
		Release|Any CPU = Release|Any CPU
	EndGlobalSection
	GlobalSection(ProjectConfigurationPlatforms) = postSolution
		{78B4C6BD-74B1-4CEB-AF00-D2C32A852F3A}.Debug|Any CPU.ActiveCfg = Debug|Any CPU
		{78B4C6BD-74B1-4CEB-AF00-D2C32A852F3A}.Debug|Any CPU.Build.0 = Debug|Any CPU
		{78B4C6BD-74B1-4CEB-AF00-D2C32A852F3A}.Release|Any CPU.ActiveCfg = Release|Any CPU
		{78B4C6BD-74B1-4CEB-AF00-D2C32A852F3A}.Release|Any CPU.Build.0 = Release|Any CPU
	EndGlobalSection
	GlobalSection(SolutionProperties) = preSolution
		HideSolutionNode = FALSE
	EndGlobalSection
	GlobalSection(ExtensibilityGlobals) = postSolution
		SolutionGuid = {B997B73A-1F87-4CD5-8789-EB13053AED81}
	EndGlobalSection
EndGlobal
